Microsoft Visual Studio Solution File, Format Version 12.00
# Visual Studio Version 16
VisualStudioVersion = 16.0.31105.61
MinimumVisualStudioVersion = 10.0.40219.1
Project("{8BC9CEB8-8B4A-11D0-8D11-00A0C91BC942}") = "SampleClient", "SampleClient\SampleClient.vcxproj", "{FA84C39B-9F95-4151-A7A9-16BB5B0DE170}"
EndProject
Project("{8BC9CEB8-8B4A-11D0-8D11-00A0C91BC942}") = "SampleClient3D", "SampleClient3D\SampleClient3D.vcxproj", "{094EC013-36C7-4BA0-82D2-A628AD0FB19F}"
EndProject
Project("{8BC9CEB8-8B4A-11D0-8D11-00A0C91BC942}") = "PacketClient", "PacketClient\PacketClient.vcxproj", "{AF46EAF2-2F9E-45C0-A75E-F004D14BD42D}"
EndProject
Project("{FAE04EC0-301F-11D3-BF4B-00C04F79EFBC}") = "WinForms", "WinFormsSample\WinForms.csproj", "{67EDA367-3B99-4738-A8BE-36AA1696529A}"
EndProject
Project("{FAE04EC0-301F-11D3-BF4B-00C04F79EFBC}") = "SampleClientML", "SampleClientML\SampleClientML.csproj", "{EB3A0909-5CE7-46A9-86BB-B180ADC03980}"
EndProject
Project("{888888A0-9F3D-457C-B088-3A5042F75D52}") = "PythonClient", "PythonClient\PythonClient.pyproj", "{633947F5-7904-466A-BFCB-8442AEA3C542}"
EndProject
Project("{8BC9CEB8-8B4A-11D0-8D11-00A0C91BC942}") = "MinimalClient", "MinimalClient\MinimalClient.vcxproj", "{A4C9C372-D781-4AB1-874D-532D9F713D37}"
EndProject
Global
	GlobalSection(SolutionConfigurationPlatforms) = preSolution
		Debug|x64 = Debug|x64
		Release|x64 = Release|x64
	EndGlobalSection
	GlobalSection(ProjectConfigurationPlatforms) = postSolution
		{FA84C39B-9F95-4151-A7A9-16BB5B0DE170}.Debug|x64.ActiveCfg = Debug|x64
		{FA84C39B-9F95-4151-A7A9-16BB5B0DE170}.Debug|x64.Build.0 = Debug|x64
		{FA84C39B-9F95-4151-A7A9-16BB5B0DE170}.Release|x64.ActiveCfg = Release|x64
		{FA84C39B-9F95-4151-A7A9-16BB5B0DE170}.Release|x64.Build.0 = Release|x64
		{094EC013-36C7-4BA0-82D2-A628AD0FB19F}.Debug|x64.ActiveCfg = Debug|x64
		{094EC013-36C7-4BA0-82D2-A628AD0FB19F}.Debug|x64.Build.0 = Debug|x64
		{094EC013-36C7-4BA0-82D2-A628AD0FB19F}.Release|x64.ActiveCfg = Release|x64
		{094EC013-36C7-4BA0-82D2-A628AD0FB19F}.Release|x64.Build.0 = Release|x64
		{AF46EAF2-2F9E-45C0-A75E-F004D14BD42D}.Debug|x64.ActiveCfg = Debug|x64
		{AF46EAF2-2F9E-45C0-A75E-F004D14BD42D}.Debug|x64.Build.0 = Debug|x64
		{AF46EAF2-2F9E-45C0-A75E-F004D14BD42D}.Release|x64.ActiveCfg = Release|x64
		{AF46EAF2-2F9E-45C0-A75E-F004D14BD42D}.Release|x64.Build.0 = Release|x64
		{67EDA367-3B99-4738-A8BE-36AA1696529A}.Debug|x64.ActiveCfg = Debug|x64
		{67EDA367-3B99-4738-A8BE-36AA1696529A}.Debug|x64.Build.0 = Debug|x64
		{67EDA367-3B99-4738-A8BE-36AA1696529A}.Release|x64.ActiveCfg = Release|x64
		{67EDA367-3B99-4738-A8BE-36AA1696529A}.Release|x64.Build.0 = Release|x64
		{EB3A0909-5CE7-46A9-86BB-B180ADC03980}.Debug|x64.ActiveCfg = Debug|x64
		{EB3A0909-5CE7-46A9-86BB-B180ADC03980}.Debug|x64.Build.0 = Debug|x64
		{EB3A0909-5CE7-46A9-86BB-B180ADC03980}.Release|x64.ActiveCfg = Release|x64
		{EB3A0909-5CE7-46A9-86BB-B180ADC03980}.Release|x64.Build.0 = Release|x64
		{633947F5-7904-466A-BFCB-8442AEA3C542}.Debug|x64.ActiveCfg = Debug|Any CPU
		{633947F5-7904-466A-BFCB-8442AEA3C542}.Release|x64.ActiveCfg = Release|Any CPU
		{A4C9C372-D781-4AB1-874D-532D9F713D37}.Debug|x64.ActiveCfg = Debug|x64
		{A4C9C372-D781-4AB1-874D-532D9F713D37}.Debug|x64.Build.0 = Debug|x64
		{A4C9C372-D781-4AB1-874D-532D9F713D37}.Release|x64.ActiveCfg = Release|x64
		{A4C9C372-D781-4AB1-874D-532D9F713D37}.Release|x64.Build.0 = Release|x64
	EndGlobalSection
	GlobalSection(SolutionProperties) = preSolution
		HideSolutionNode = FALSE
	EndGlobalSection
	GlobalSection(ExtensibilityGlobals) = postSolution
		SolutionGuid = {21979152-A1C9-4A25-A4CE-C12410357C16}
	EndGlobalSection
EndGlobal
